dependencies:
- name: trivy-operator
  repository: https://aquasecurity.github.io/helm-charts/
  version: 0.34.0
- name: falco
  repository: https://falcosecurity.github.io/charts/
  version: 9.1.0
- name: kube-prometheus-stack
  repository: https://prometheus-community.github.io/helm-charts
  version: 87.15.2
digest: sha256:1b938a79bc95469ddc31c0d63c249716918dcc9974da4af5444b0477253b1478
generated: "2026-07-14T16:17:39.140046+02:00"
